<?xml version="1.0" encoding="utf-8"?>
<Project ToolsVersion="4.0" xmlns="http://schemas.microsoft.com/developer/msbuild/2003">
  <ItemGroup>
    <Filter Include="Source Files">
      <UniqueIdentifier>{4FC737F1-C7A5-4376-A066-2A32D752A2FF}</UniqueIdentifier>
      <Extensions>cpp;c;cc;cxx;c++;cppm;ixx;def;odl;idl;hpj;bat;asm;asmx</Extensions>
    </Filter>
    <Filter Include="Header Files">
      <UniqueIdentifier>{93995380-89BD-4b04-88EB-625FBE52EBFB}</UniqueIdentifier>
      <Extensions>h;hh;hpp;hxx;h++;hm;inl;inc;ipp;xsd</Extensions>
    </Filter>
    <Filter Include="Resource Files">
      <UniqueIdentifier>{67DA6AB6-F800-4c08-8B7A-83BB121AAD01}</UniqueIdentifier>
      <Extensions>rc;ico;cur;bmp;dlg;rc2;rct;bin;rgs;gif;jpg;jpeg;jpe;resx;tiff;tif;png;wav;mfcribbon-ms</Extensions>
    </Filter>
  </ItemGroup>
  <ItemGroup>
    <None Include="tiledmap.tmx" />
  </ItemGroup>
  <ItemGroup>
    <ClInclude Include="include\Chao.h">
      <Filter>Header Files</Filter>
    </ClInclude>
    <ClInclude Include="include\Choquinho.h">
      <Filter>Header Files</Filter>
    </ClInclude>
    <ClInclude Include="include\Ente.h">
      <Filter>Header Files</Filter>
    </ClInclude>
    <ClInclude Include="include\Entidade.h">
      <Filter>Header Files</Filter>
    </ClInclude>
    <ClInclude Include="include\Fase.h">
      <Filter>Header Files</Filter>
    </ClInclude>
    <ClInclude Include="include\FasePrimeira.h">
      <Filter>Header Files</Filter>
    </ClInclude>
    <ClInclude Include="include\FaseSegunda.h">
      <Filter>Header Files</Filter>
    </ClInclude>
    <ClInclude Include="include\Gelinho.h">
      <Filter>Header Files</Filter>
    </ClInclude>
    <ClInclude Include="include\Gerenciador_Colisoes.h">
      <Filter>Header Files</Filter>
    </ClInclude>
    <ClInclude Include="include\Gerenciador_Grafico.h">
      <Filter>Header Files</Filter>
    </ClInclude>
    <ClInclude Include="include\Inimigo.h">
      <Filter>Header Files</Filter>
    </ClInclude>
    <ClInclude Include="include\Jogador.h">
      <Filter>Header Files</Filter>
    </ClInclude>
    <ClInclude Include="include\Jogo.h">
      <Filter>Header Files</Filter>
    </ClInclude>
    <ClInclude Include="include\Lista.h">
      <Filter>Header Files</Filter>
    </ClInclude>
    <ClInclude Include="include\ListaEntidades.h">
      <Filter>Header Files</Filter>
    </ClInclude>
    <ClInclude Include="include\Menu.h">
      <Filter>Header Files</Filter>
    </ClInclude>
    <ClInclude Include="include\Obstaculo.h">
      <Filter>Header Files</Filter>
    </ClInclude>
    <ClInclude Include="include\Personagem.h">
      <Filter>Header Files</Filter>
    </ClInclude>
    <ClInclude Include="include\Plataforma.h">
      <Filter>Header Files</Filter>
    </ClInclude>
    <ClInclude Include="include\Projetil.h">
      <Filter>Header Files</Filter>
    </ClInclude>
    <ClInclude Include="include\Robo_CEO.h">
      <Filter>Header Files</Filter>
    </ClInclude>
    <ClInclude Include="include\Robo_Junior.h">
      <Filter>Header Files</Filter>
    </ClInclude>
    <ClInclude Include="include\Robo_Senior.h">
      <Filter>Header Files</Filter>
    </ClInclude>
  </ItemGroup>
  <ItemGroup>
    <ClCompile Include="src\Chao.cpp">
      <Filter>Source Files</Filter>
    </ClCompile>
    <ClCompile Include="src\Choquinho.cpp">
      <Filter>Source Files</Filter>
    </ClCompile>
    <ClCompile Include="src\Ente.cpp">
      <Filter>Source Files</Filter>
    </ClCompile>
    <ClCompile Include="src\Entidade.cpp">
      <Filter>Source Files</Filter>
    </ClCompile>
    <ClCompile Include="src\Fase.cpp">
      <Filter>Source Files</Filter>
    </ClCompile>
    <ClCompile Include="src\FasePrimeira.cpp">
      <Filter>Source Files</Filter>
    </ClCompile>
    <ClCompile Include="src\FaseSegunda.cpp">
      <Filter>Source Files</Filter>
    </ClCompile>
    <ClCompile Include="src\Gelinho.cpp">
      <Filter>Source Files</Filter>
    </ClCompile>
    <ClCompile Include="src\Gerenciador_Colisoes.cpp">
      <Filter>Source Files</Filter>
    </ClCompile>
    <ClCompile Include="src\Gerenciador_Grafico.cpp">
      <Filter>Source Files</Filter>
    </ClCompile>
    <ClCompile Include="src\Inimigo.cpp">
      <Filter>Source Files</Filter>
    </ClCompile>
    <ClCompile Include="src\Jogador.cpp">
      <Filter>Source Files</Filter>
    </ClCompile>
    <ClCompile Include="src\Jogo.cpp">
      <Filter>Source Files</Filter>
    </ClCompile>
    <ClCompile Include="src\ListaEntidades.cpp">
      <Filter>Source Files</Filter>
    </ClCompile>
    <ClCompile Include="src\main.cpp">
      <Filter>Source Files</Filter>
    </ClCompile>
    <ClCompile Include="src\Menu.cpp">
      <Filter>Source Files</Filter>
    </ClCompile>
    <ClCompile Include="src\Obstaculo.cpp">
      <Filter>Source Files</Filter>
    </ClCompile>
    <ClCompile Include="src\Personagem.cpp">
      <Filter>Source Files</Filter>
    </ClCompile>
    <ClCompile Include="src\Plataforma.cpp">
      <Filter>Source Files</Filter>
    </ClCompile>
    <ClCompile Include="src\Projetil.cpp">
      <Filter>Source Files</Filter>
    </ClCompile>
    <ClCompile Include="src\Robo_CEO.cpp">
      <Filter>Source Files</Filter>
    </ClCompile>
    <ClCompile Include="src\Robo_Junior.cpp">
      <Filter>Source Files</Filter>
    </ClCompile>
    <ClCompile Include="src\Robo_Senior.cpp">
      <Filter>Source Files</Filter>
    </ClCompile>
  </ItemGroup>
</Project>